// !$*UTF8*$!
{
	archiveVersion = 1;
	classes = {
	};
	objectVersion = 50;
	objects = {

/* Begin PBXBuildFile section */
		288EE53C24BDC4B4004C520F /* AppDelegate.m in Sources */ = {isa = PBXBuildFile; fileRef = 288EE53B24BDC4B4004C520F /* AppDelegate.m */; };
		288EE53F24BDC4B4004C520F /* SceneDelegate.m in Sources */ = {isa = PBXBuildFile; fileRef = 288EE53E24BDC4B4004C520F /* SceneDelegate.m */; };
		288EE54224BDC4B4004C520F /* ViewController.m in Sources */ = {isa = PBXBuildFile; fileRef = 288EE54124BDC4B4004C520F /* ViewController.m */; };
		288EE54524BDC4B4004C520F /* Main.storyboard in Resources */ = {isa = PBXBuildFile; fileRef = 288EE54324BDC4B4004C520F /* Main.storyboard */; };
		288EE54724BDC4B6004C520F /* Assets.xcassets in Resources */ = {isa = PBXBuildFile; fileRef = 288EE54624BDC4B6004C520F /* Assets.xcassets */; };
		288EE54A24BDC4B6004C520F /* LaunchScreen.storyboard in Resources */ = {isa = PBXBuildFile; fileRef = 288EE54824BDC4B6004C520F /* LaunchScreen.storyboard */; };
		288EE54D24BDC4B6004C520F /* main.m in Sources */ = {isa = PBXBuildFile; fileRef = 288EE54C24BDC4B6004C520F /* main.m */; };
		288EE55724BDC4B6004C520F /* RZSTestPodKitTests.m in Sources */ = {isa = PBXBuildFile; fileRef = 288EE55624BDC4B6004C520F /* RZSTestPodKitTests.m */; };
		288EE56224BDC4B6004C520F /* RZSTestPodKitUITests.m in Sources */ = {isa = PBXBuildFile; fileRef = 288EE56124BDC4B6004C520F /* RZSTestPodKitUITests.m */; };
/* End PBXBuildFile section */

/* Begin PBXContainerItemProxy section */
		288EE55324BDC4B6004C520F /* PBXContainerItemProxy */ = {
			isa = PBXContainerItemProxy;
			containerPortal = 288EE52F24BDC4B4004C520F /* Project object */;
			proxyType = 1;
			remoteGlobalIDString = 288EE53624BDC4B4004C520F;
			remoteInfo = RZSTestPodKit;
		};
		288EE55E24BDC4B6004C520F /* PBXContainerItemProxy */ = {
			isa = PBXContainerItemProxy;
			containerPortal = 288EE52F24BDC4B4004C520F /* Project object */;
			proxyType = 1;
			remoteGlobalIDString = 288EE53624BDC4B4004C520F;
			remoteInfo = RZSTestPodKit;
		};
/* End PBXContainerItemProxy section */

/* Begin PBXFileReference section */
		288EE53724BDC4B4004C520F /* RZSTestPodKit.app */ = {isa = PBXFileReference; explicitFileType = wrapper.application; includeInIndex = 0; path = RZSTestPodKit.app; sourceTree = BUILT_PRODUCTS_DIR; };
		288EE53A24BDC4B4004C520F /* AppDelegate.h */ = {isa = PBXFileReference; lastKnownFileType = sourcecode.c.h; path = AppDelegate.h; sourceTree = "<group>"; };
		288EE53B24BDC4B4004C520F /* AppDelegate.m */ = {isa = PBXFileReference; lastKnownFileType = sourcecode.c.objc; path = AppDelegate.m; sourceTree = "<group>"; };
		288EE53D24BDC4B4004C520F /* SceneDelegate.h */ = {isa = PBXFileReference; lastKnownFileType = sourcecode.c.h; path = SceneDelegate.h; sourceTree = "<group>"; };
		288EE53E24BDC4B4004C520F /* SceneDelegate.m */ = {isa = PBXFileReference; lastKnownFileType = sourcecode.c.objc; path = SceneDelegate.m; sourceTree = "<group>"; };
		288EE54024BDC4B4004C520F /* ViewController.h */ = {isa = PBXFileReference; lastKnownFileType = sourcecode.c.h; path = ViewController.h; sourceTree = "<group>"; };
		288EE54124BDC4B4004C520F /* ViewController.m */ = {isa = PBXFileReference; lastKnownFileType = sourcecode.c.objc; path = ViewController.m; sourceTree = "<group>"; };
		288EE54424BDC4B4004C520F /* Base */ = {isa = PBXFileReference; lastKnownFileType = file.storyboard; name = Base; path = Base.lproj/Main.storyboard; sourceTree = "<group>"; };
		288EE54624BDC4B6004C520F /* Assets.xcassets */ = {isa = PBXFileReference; lastKnownFileType = folder.assetcatalog; path = Assets.xcassets; sourceTree = "<group>"; };
		288EE54924BDC4B6004C520F /* Base */ = {isa = PBXFileReference; lastKnownFileType = file.storyboard; name = Base; path = Base.lproj/LaunchScreen.storyboard; sourceTree = "<group>"; };
		288EE54B24BDC4B6004C520F /* Info.plist */ = {isa = PBXFileReference; lastKnownFileType = text.plist.xml; path = Info.plist; sourceTree = "<group>"; };
		288EE54C24BDC4B6004C520F /* main.m */ = {isa = PBXFileReference; lastKnownFileType = sourcecode.c.objc; path = main.m; sourceTree = "<group>"; };
		288EE55224BDC4B6004C520F /* RZSTestPodKitTests.xctest */ = {isa = PBXFileReference; explicitFileType = wrapper.cfbundle; includeInIndex = 0; path = RZSTestPodKitTests.xctest; sourceTree = BUILT_PRODUCTS_DIR; };
		288EE55624BDC4B6004C520F /* RZSTestPodKitTests.m */ = {isa = PBXFileReference; lastKnownFileType = sourcecode.c.objc; path = RZSTestPodKitTests.m; sourceTree = "<group>"; };
		288EE55824BDC4B6004C520F /* Info.plist */ = {isa = PBXFileReference; lastKnownFileType = text.plist.xml; path = Info.plist; sourceTree = "<group>"; };
		288EE55D24BDC4B6004C520F /* RZSTestPodKitUITests.xctest */ = {isa = PBXFileReference; explicitFileType = wrapper.cfbundle; includeInIndex = 0; path = RZSTestPodKitUITests.xctest; sourceTree = BUILT_PRODUCTS_DIR; };
		288EE56124BDC4B6004C520F /* RZSTestPodKitUITests.m */ = {isa = PBXFileReference; lastKnownFileType = sourcecode.c.objc; path = RZSTestPodKitUITests.m; sourceTree = "<group>"; };
		288EE56324BDC4B6004C520F /* Info.plist */ = {isa = PBXFileReference; lastKnownFileType = text.plist.xml; path = Info.plist; sourceTree = "<group>"; };
/* End PBXFileReference section */

/* Begin PBXFrameworksBuildPhase section */
		288EE53424BDC4B4004C520F /* Frameworks */ = {
			isa = PBXFrameworksBuildPhase;
			buildActionMask = 2147483647;
			files = (
			);
			runOnlyForDeploymentPostprocessing = 0;
		};
		288EE54F24BDC4B6004C520F /* Frameworks */ = {
			isa = PBXFrameworksBuildPhase;
			buildActionMask = 2147483647;
			files = (
			);
			runOnlyForDeploymentPostprocessing = 0;
		};
		288EE55A24BDC4B6004C520F /* Frameworks */ = {
			isa = PBXFrameworksBuildPhase;
			buildActionMask = 2147483647;
			files = (
			);
			runOnlyForDeploymentPostprocessing = 0;
		};
/* End PBXFrameworksBuildPhase section */

/* Begin PBXGroup section */
		288EE52E24BDC4B4004C520F = {
			isa = PBXGroup;
			children = (
				288EE53924BDC4B4004C520F /* RZSTestPodKit */,
				288EE55524BDC4B6004C520F /* RZSTestPodKitTests */,
				288EE56024BDC4B6004C520F /* RZSTestPodKitUITests */,
				288EE53824BDC4B4004C520F /* Products */,
			);
			sourceTree = "<group>";
		};
		288EE53824BDC4B4004C520F /* Products */ = {
			isa = PBXGroup;
			children = (
				288EE53724BDC4B4004C520F /* RZSTestPodKit.app */,
				288EE55224BDC4B6004C520F /* RZSTestPodKitTests.xctest */,
				288EE55D24BDC4B6004C520F /* RZSTestPodKitUITests.xctest */,
			);
			name = Products;
			sourceTree = "<group>";
		};
		288EE53924BDC4B4004C520F /* RZSTestPodKit */ = {
			isa = PBXGroup;
			children = (
				288EE53A24BDC4B4004C520F /* AppDelegate.h */,
				288EE53B24BDC4B4004C520F /* AppDelegate.m */,
				288EE53D24BDC4B4004C520F /* SceneDelegate.h */,
				288EE53E24BDC4B4004C520F /* SceneDelegate.m */,
				288EE54024BDC4B4004C520F /* ViewController.h */,
				288EE54124BDC4B4004C520F /* ViewController.m */,
				288EE54324BDC4B4004C520F /* Main.storyboard */,
				288EE54624BDC4B6004C520F /* Assets.xcassets */,
				288EE54824BDC4B6004C520F /* LaunchScreen.storyboard */,
				288EE54B24BDC4B6004C520F /* Info.plist */,
				288EE54C24BDC4B6004C520F /* main.m */,
			);
			path = RZSTestPodKit;
			sourceTree = "<group>";
		};
		288EE55524BDC4B6004C520F /* RZSTestPodKitTests */ = {
			isa = PBXGroup;
			children = (
				288EE55624BDC4B6004C520F /* RZSTestPodKitTests.m */,
				288EE55824BDC4B6004C520F /* Info.plist */,
			);
			path = RZSTestPodKitTests;
			sourceTree = "<group>";
		};
		288EE56024BDC4B6004C520F /* RZSTestPodKitUITests */ = {
			isa = PBXGroup;
			children = (
				288EE56124BDC4B6004C520F /* RZSTestPodKitUITests.m */,
				288EE56324BDC4B6004C520F /* Info.plist */,
			);
			path = RZSTestPodKitUITests;
			sourceTree = "<group>";
		};
/* End PBXGroup section */

/* Begin PBXNativeTarget section */
		288EE53624BDC4B4004C520F /* RZSTestPodKit */ = {
			isa = PBXNativeTarget;
			buildConfigurationList = 288EE56624BDC4B6004C520F /* Build configuration list for PBXNativeTarget "RZSTestPodKit" */;
			buildPhases = (
				288EE53324BDC4B4004C520F /* Sources */,
				288EE53424BDC4B4004C520F /* Frameworks */,
				288EE53524BDC4B4004C520F /* Resources */,
			);
			buildRules = (
			);
			dependencies = (
			);
			name = RZSTestPodKit;
			productName = RZSTestPodKit;
			productReference = 288EE53724BDC4B4004C520F /* RZSTestPodKit.app */;
			productType = "com.apple.product-type.application";
		};
		288EE55124BDC4B6004C520F /* RZSTestPodKitTests */ = {
			isa = PBXNativeTarget;
			buildConfigurationList = 288EE56924BDC4B6004C520F /* Build configuration list for PBXNativeTarget "RZSTestPodKitTests" */;
			buildPhases = (
				288EE54E24BDC4B6004C520F /* Sources */,
				288EE54F24BDC4B6004C520F /* Frameworks */,
				288EE55024BDC4B6004C520F /* Resources */,
			);
			buildRules = (
			);
			dependencies = (
				288EE55424BDC4B6004C520F /* PBXTargetDependency */,
			);
			name = RZSTestPodKitTests;
			productName = RZSTestPodKitTests;
			productReference = 288EE55224BDC4B6004C520F /* RZSTestPodKitTests.xctest */;
			productType = "com.apple.product-type.bundle.unit-test";
		};
		288EE55C24BDC4B6004C520F /* RZSTestPodKitUITests */ = {
			isa = PBXNativeTarget;
			buildConfigurationList = 288EE56C24BDC4B6004C520F /* Build configuration list for PBXNativeTarget "RZSTestPodKitUITests" */;
			buildPhases = (
				288EE55924BDC4B6004C520F /* Sources */,
				288EE55A24BDC4B6004C520F /* Frameworks */,
				288EE55B24BDC4B6004C520F /* Resources */,
			);
			buildRules = (
			);
			dependencies = (
				288EE55F24BDC4B6004C520F /* PBXTargetDependency */,
			);
			name = RZSTestPodKitUITests;
			productName = RZSTestPodKitUITests;
			productReference = 288EE55D24BDC4B6004C520F /* RZSTestPodKitUITests.xctest */;
			productType = "com.apple.product-type.bundle.ui-testing";
		};
/* End PBXNativeTarget section */

/* Begin PBXProject section */
		288EE52F24BDC4B4004C520F /* Project object */ = {
			isa = PBXProject;
			attributes = {
				LastUpgradeCheck = 1200;
				TargetAttributes = {
					288EE53624BDC4B4004C520F = {
						CreatedOnToolsVersion = 12.0;
					};
					288EE55124BDC4B6004C520F = {
						CreatedOnToolsVersion = 12.0;
						TestTargetID = 288EE53624BDC4B4004C520F;
					};
					288EE55C24BDC4B6004C520F = {
						CreatedOnToolsVersion = 12.0;
						TestTargetID = 288EE53624BDC4B4004C520F;
					};
				};
			};
			buildConfigurationList = 288EE53224BDC4B4004C520F /* Build configuration list for PBXProject "RZSTestPodKit" */;
			compatibilityVersion = "Xcode 9.3";
			developmentRegion = en;
			hasScannedForEncodings = 0;
			knownRegions = (
				en,
				Base,
			);
			mainGroup = 288EE52E24BDC4B4004C520F;
			productRefGroup = 288EE53824BDC4B4004C520F /* Products */;
			projectDirPath = "";
			projectRoot = "";
			targets = (
				288EE53624BDC4B4004C520F /* RZSTestPodKit */,
				288EE55124BDC4B6004C520F /* RZSTestPodKitTests */,
				288EE55C24BDC4B6004C520F /* RZSTestPodKitUITests */,
			);
		};
/* End PBXProject section */

/* Begin PBXResourcesBuildPhase section */
		288EE53524BDC4B4004C520F /* Resources */ = {
			isa = PBXResourcesBuildPhase;
			buildActionMask = 2147483647;
			files = (
				288EE54A24BDC4B6004C520F /* LaunchScreen.storyboard in Resources */,
				288EE54724BDC4B6004C520F /* Assets.xcassets in Resources */,
				288EE54524BDC4B4004C520F /* Main.storyboard in Resources */,
			);
			runOnlyForDeploymentPostprocessing = 0;
		};
		288EE55024BDC4B6004C520F /* Resources */ = {
			isa = PBXResourcesBuildPhase;
			buildActionMask = 2147483647;
			files = (
			);
			runOnlyForDeploymentPostprocessing = 0;
		};
		288EE55B24BDC4B6004C520F /* Resources */ = {
			isa = PBXResourcesBuildPhase;
			buildActionMask = 2147483647;
			files = (
			);
			runOnlyForDeploymentPostprocessing = 0;
		};
/* End PBXResourcesBuildPhase section */

/* Begin PBXSourcesBuildPhase section */
		288EE53324BDC4B4004C520F /* Sources */ = {
			isa = PBXSourcesBuildPhase;
			buildActionMask = 2147483647;
			files = (
				288EE54224BDC4B4004C520F /* ViewController.m in Sources */,
				288EE53C24BDC4B4004C520F /* AppDelegate.m in Sources */,
				288EE54D24BDC4B6004C520F /* main.m in Sources */,
				288EE53F24BDC4B4004C520F /* SceneDelegate.m in Sources */,
			);
			runOnlyForDeploymentPostprocessing = 0;
		};
		288EE54E24BDC4B6004C520F /* Sources */ = {
			isa = PBXSourcesBuildPhase;
			buildActionMask = 2147483647;
			files = (
				288EE55724BDC4B6004C520F /* RZSTestPodKitTests.m in Sources */,
			);
			runOnlyForDeploymentPostprocessing = 0;
		};
		288EE55924BDC4B6004C520F /* Sources */ = {
			isa = PBXSourcesBuildPhase;
			buildActionMask = 2147483647;
			files = (
				288EE56224BDC4B6004C520F /* RZSTestPodKitUITests.m in Sources */,
			);
			runOnlyForDeploymentPostprocessing = 0;
		};
/* End PBXSourcesBuildPhase section */

/* Begin PBXTargetDependency section */
		288EE55424BDC4B6004C520F /* PBXTargetDependency */ = {
			isa = PBXTargetDependency;
			target = 288EE53624BDC4B4004C520F /* RZSTestPodKit */;
			targetProxy = 288EE55324BDC4B6004C520F /* PBXContainerItemProxy */;
		};
		288EE55F24BDC4B6004C520F /* PBXTargetDependency */ = {
			isa = PBXTargetDependency;
			target = 288EE53624BDC4B4004C520F /* RZSTestPodKit */;
			targetProxy = 288EE55E24BDC4B6004C520F /* PBXContainerItemProxy */;
		};
/* End PBXTargetDependency section */

/* Begin PBXVariantGroup section */
		288EE54324BDC4B4004C520F /* Main.storyboard */ = {
			isa = PBXVariantGroup;
			children = (
				288EE54424BDC4B4004C520F /* Base */,
			);
			name = Main.storyboard;
			sourceTree = "<group>";
		};
		288EE54824BDC4B6004C520F /* LaunchScreen.storyboard */ = {
			isa = PBXVariantGroup;
			children = (
				288EE54924BDC4B6004C520F /* Base */,
			);
			name = LaunchScreen.storyboard;
			sourceTree = "<group>";
		};
/* End PBXVariantGroup section */

/* Begin XCBuildConfiguration section */
		288EE56424BDC4B6004C520F /* Debug */ = {
			isa = XCBuildConfiguration;
			buildSettings = {
				ALWAYS_SEARCH_USER_PATHS = NO;
				CLANG_ANALYZER_NONNULL = YES;
				CLANG_ANALYZER_NUMBER_OBJECT_CONVERSION = YES_AGGRESSIVE;
				CLANG_CXX_LANGUAGE_STANDARD = "gnu++14";
				CLANG_CXX_LIBRARY = "libc++";
				CLANG_ENABLE_MODULES = YES;
				CLANG_ENABLE_OBJC_ARC = YES;
				CLANG_ENABLE_OBJC_WEAK = YES;
				CLANG_WARN_BLOCK_CAPTURE_AUTORELEASING = YES;
				CLANG_WARN_BOOL_CONVERSION = YES;
				CLANG_WARN_COMMA = YES;
				CLANG_WARN_CONSTANT_CONVERSION = YES;
				CLANG_WARN_DEPRECATED_OBJC_IMPLEMENTATIONS = YES;
				CLANG_WARN_DIRECT_OBJC_ISA_USAGE = YES_ERROR;
				CLANG_WARN_DOCUMENTATION_COMMENTS = YES;
				CLANG_WARN_EMPTY_BODY = YES;
				CLANG_WARN_ENUM_CONVERSION = YES;
				CLANG_WARN_INFINITE_RECURSION = YES;
				CLANG_WARN_INT_CONVERSION = YES;
				CLANG_WARN_NON_LITERAL_NULL_CONVERSION = YES;
				CLANG_WARN_OBJC_IMPLICIT_RETAIN_SELF = YES;
				CLANG_WARN_OBJC_LITERAL_CONVERSION = YES;
				CLANG_WARN_OBJC_ROOT_CLASS = YES_ERROR;
				CLANG_WARN_QUOTED_INCLUDE_IN_FRAMEWORK_HEADER = YES;
				CLANG_WARN_RANGE_LOOP_ANALYSIS = YES;
				CLANG_WARN_STRICT_PROTOTYPES = YES;
				CLANG_WARN_SUSPICIOUS_MOVE = YES;
				CLANG_WARN_UNGUARDED_AVAILABILITY = YES_AGGRESSIVE;
				CLANG_WARN_UNREACHABLE_CODE = YES;
				CLANG_WARN__DUPLICATE_METHOD_MATCH = YES;
				COPY_PHASE_STRIP = NO;
				DEBUG_INFORMATION_FORMAT = dwarf;
				ENABLE_STRICT_OBJC_MSGSEND = YES;
				ENABLE_TESTABILITY = YES;
				GCC_C_LANGUAGE_STANDARD = gnu11;
				GCC_DYNAMIC_NO_PIC = NO;
				GCC_NO_COMMON_BLOCKS = YES;
				GCC_OPTIMIZATION_LEVEL = 0;
				GCC_PREPROCESSOR_DEFINITIONS = (
					"DEBUG=1",
					"$(inherited)",
				);
				GCC_WARN_64_TO_32_BIT_CONVERSION = YES;
				GCC_WARN_ABOUT_RETURN_TYPE = YES_ERROR;
				GCC_WARN_UNDECLARED_SELECTOR = YES;
				GCC_WARN_UNINITIALIZED_AUTOS = YES_AGGRESSIVE;
				GCC_WARN_UNUSED_FUNCTION = YES;
				GCC_WARN_UNUSED_VARIABLE = YES;
				IPHONEOS_DEPLOYMENT_TARGET = 14.0;
				MTL_ENABLE_DEBUG_INFO = INCLUDE_SOURCE;
				MTL_FAST_MATH = YES;
				ONLY_ACTIVE_ARCH = YES;
				SDKROOT = iphoneos;
			};
			name = Debug;
		};
		288EE56524BDC4B6004C520F /* Release */ = {
			isa = XCBuildConfiguration;
			buildSettings = {
				ALWAYS_SEARCH_USER_PATHS = NO;
				CLANG_ANALYZER_NONNULL = YES;
				CLANG_ANALYZER_NUMBER_OBJECT_CONVERSION = YES_AGGRESSIVE;
				CLANG_CXX_LANGUAGE_STANDARD = "gnu++14";
				CLANG_CXX_LIBRARY = "libc++";
				CLANG_ENABLE_MODULES = YES;
				CLANG_ENABLE_OBJC_ARC = YES;
				CLANG_ENABLE_OBJC_WEAK = YES;
				CLANG_WARN_BLOCK_CAPTURE_AUTORELEASING = YES;
				CLANG_WARN_BOOL_CONVERSION = YES;
				CLANG_WARN_COMMA = YES;
				CLANG_WARN_CONSTANT_CONVERSION = YES;
				CLANG_WARN_DEPRECATED_OBJC_IMPLEMENTATIONS = YES;
				CLANG_WARN_DIRECT_OBJC_ISA_USAGE = YES_ERROR;
				CLANG_WARN_DOCUMENTATION_COMMENTS = YES;
				CLANG_WARN_EMPTY_BODY = YES;
				CLANG_WARN_ENUM_CONVERSION = YES;
				CLANG_WARN_INFINITE_RECURSION = YES;
				CLANG_WARN_INT_CONVERSION = YES;
				CLANG_WARN_NON_LITERAL_NULL_CONVERSION = YES;
				CLANG_WARN_OBJC_IMPLICIT_RETAIN_SELF = YES;
				CLANG_WARN_OBJC_LITERAL_CONVERSION = YES;
				CLANG_WARN_OBJC_ROOT_CLASS = YES_ERROR;
				CLANG_WARN_QUOTED_INCLUDE_IN_FRAMEWORK_HEADER = YES;
				CLANG_WARN_RANGE_LOOP_ANALYSIS = YES;
				CLANG_WARN_STRICT_PROTOTYPES = YES;
				CLANG_WARN_SUSPICIOUS_MOVE = YES;
				CLANG_WARN_UNGUARDED_AVAILABILITY = YES_AGGRESSIVE;
				CLANG_WARN_UNREACHABLE_CODE = YES;
				CLANG_WARN__DUPLICATE_METHOD_MATCH = YES;
				COPY_PHASE_STRIP = NO;
				DEBUG_INFORMATION_FORMAT = "dwarf-with-dsym";
				ENABLE_NS_ASSERTIONS = NO;
				ENABLE_STRICT_OBJC_MSGSEND = YES;
				GCC_C_LANGUAGE_STANDARD = gnu11;
				GCC_NO_COMMON_BLOCKS = YES;
				GCC_WARN_64_TO_32_BIT_CONVERSION = YES;
				GCC_WARN_ABOUT_RETURN_TYPE = YES_ERROR;
				GCC_WARN_UNDECLARED_SELECTOR = YES;
				GCC_WARN_UNINITIALIZED_AUTOS = YES_AGGRESSIVE;
				GCC_WARN_UNUSED_FUNCTION = YES;
				GCC_WARN_UNUSED_VARIABLE = YES;
				IPHONEOS_DEPLOYMENT_TARGET = 14.0;
				MTL_ENABLE_DEBUG_INFO = NO;
				MTL_FAST_MATH = YES;
				SDKROOT = iphoneos;
				VALIDATE_PRODUCT = YES;
			};
			name = Release;
		};
		288EE56724BDC4B6004C520F /* Debug */ = {
			isa = XCBuildConfiguration;
			buildSettings = {
				ASSETCATALOG_COMPILER_APPICON_NAME = AppIcon;
				ASSETCATALOG_COMPILER_GLOBAL_ACCENT_COLOR_NAME = AccentColor;
				CODE_SIGN_STYLE = Automatic;
				INFOPLIST_FILE = RZSTestPodKit/Info.plist;
				LD_RUNPATH_SEARCH_PATHS = (
					"$(inherited)",
					"@executable_path/Frameworks",
				);
				PRODUCT_BUNDLE_IDENTIFIER = rzs.RZSTestPodKit;
				PRODUCT_NAME = "$(TARGET_NAME)";
				TARGETED_DEVICE_FAMILY = "1,2";
			};
			name = Debug;
		};
		288EE56824BDC4B6004C520F /* Release */ = {
			isa = XCBuildConfiguration;
			buildSettings = {
				ASSETCATALOG_COMPILER_APPICON_NAME = AppIcon;
				ASSETCATALOG_COMPILER_GLOBAL_ACCENT_COLOR_NAME = AccentColor;
				CODE_SIGN_STYLE = Automatic;
				INFOPLIST_FILE = RZSTestPodKit/Info.plist;
				LD_RUNPATH_SEARCH_PATHS = (
					"$(inherited)",
					"@executable_path/Frameworks",
				);
				PRODUCT_BUNDLE_IDENTIFIER = rzs.RZSTestPodKit;
				PRODUCT_NAME = "$(TARGET_NAME)";
				TARGETED_DEVICE_FAMILY = "1,2";
			};
			name = Release;
		};
		288EE56A24BDC4B6004C520F /* Debug */ = {
			isa = XCBuildConfiguration;
			buildSettings = {
				BUNDLE_LOADER = "$(TEST_HOST)";
				CODE_SIGN_STYLE = Automatic;
				INFOPLIST_FILE = RZSTestPodKitTests/Info.plist;
				IPHONEOS_DEPLOYMENT_TARGET = 14.0;
				LD_RUNPATH_SEARCH_PATHS = (
					"$(inherited)",
					"@executable_path/Frameworks",
					"@loader_path/Frameworks",
				);
				PRODUCT_BUNDLE_IDENTIFIER = rzs.RZSTestPodKitTests;
				PRODUCT_NAME = "$(TARGET_NAME)";
				TARGETED_DEVICE_FAMILY = "1,2";
				TEST_HOST = "$(BUILT_PRODUCTS_DIR)/RZSTestPodKit.app/RZSTestPodKit";
			};
			name = Debug;
		};
		288EE56B24BDC4B6004C520F /* Release */ = {
			isa = XCBuildConfiguration;
			buildSettings = {
				BUNDLE_LOADER = "$(TEST_HOST)";
				CODE_SIGN_STYLE = Automatic;
				INFOPLIST_FILE = RZSTestPodKitTests/Info.plist;
				IPHONEOS_DEPLOYMENT_TARGET = 14.0;
				LD_RUNPATH_SEARCH_PATHS = (
					"$(inherited)",
					"@executable_path/Frameworks",
					"@loader_path/Frameworks",
				);
				PRODUCT_BUNDLE_IDENTIFIER = rzs.RZSTestPodKitTests;
				PRODUCT_NAME = "$(TARGET_NAME)";
				TARGETED_DEVICE_FAMILY = "1,2";
				TEST_HOST = "$(BUILT_PRODUCTS_DIR)/RZSTestPodKit.app/RZSTestPodKit";
			};
			name = Release;
		};
		288EE56D24BDC4B6004C520F /* Debug */ = {
			isa = XCBuildConfiguration;
			buildSettings = {
				CODE_SIGN_STYLE = Automatic;
				INFOPLIST_FILE = RZSTestPodKitUITests/Info.plist;
				LD_RUNPATH_SEARCH_PATHS = (
					"$(inherited)",
					"@executable_path/Frameworks",
					"@loader_path/Frameworks",
				);
				PRODUCT_BUNDLE_IDENTIFIER = rzs.RZSTestPodKitUITests;
				PRODUCT_NAME = "$(TARGET_NAME)";
				TARGETED_DEVICE_FAMILY = "1,2";
				TEST_TARGET_NAME = RZSTestPodKit;
			};
			name = Debug;
		};
		288EE56E24BDC4B6004C520F /* Release */ = {
			isa = XCBuildConfiguration;
			buildSettings = {
				CODE_SIGN_STYLE = Automatic;
				INFOPLIST_FILE = RZSTestPodKitUITests/Info.plist;
				LD_RUNPATH_SEARCH_PATHS = (
					"$(inherited)",
					"@executable_path/Frameworks",
					"@loader_path/Frameworks",
				);
				PRODUCT_BUNDLE_IDENTIFIER = rzs.RZSTestPodKitUITests;
				PRODUCT_NAME = "$(TARGET_NAME)";
				TARGETED_DEVICE_FAMILY = "1,2";
				TEST_TARGET_NAME = RZSTestPodKit;
			};
			name = Release;
		};
/* End XCBuildConfiguration section */

/* Begin XCConfigurationList section */
		288EE53224BDC4B4004C520F /* Build configuration list for PBXProject "RZSTestPodKit" */ = {
			isa = XCConfigurationList;
			buildConfigurations = (
				288EE56424BDC4B6004C520F /* Debug */,
				288EE56524BDC4B6004C520F /* Release */,
			);
			defaultConfigurationIsVisible = 0;
			defaultConfigurationName = Release;
		};
		288EE56624BDC4B6004C520F /* Build configuration list for PBXNativeTarget "RZSTestPodKit" */ = {
			isa = XCConfigurationList;
			buildConfigurations = (
				288EE56724BDC4B6004C520F /* Debug */,
				288EE56824BDC4B6004C520F /* Release */,
			);
			defaultConfigurationIsVisible = 0;
			defaultConfigurationName = Release;
		};
		288EE56924BDC4B6004C520F /* Build configuration list for PBXNativeTarget "RZSTestPodKitTests" */ = {
			isa = XCConfigurationList;
			buildConfigurations = (
				288EE56A24BDC4B6004C520F /* Debug */,
				288EE56B24BDC4B6004C520F /* Release */,
			);
			defaultConfigurationIsVisible = 0;
			defaultConfigurationName = Release;
		};
		288EE56C24BDC4B6004C520F /* Build configuration list for PBXNativeTarget "RZSTestPodKitUITests" */ = {
			isa = XCConfigurationList;
			buildConfigurations = (
				288EE56D24BDC4B6004C520F /* Debug */,
				288EE56E24BDC4B6004C520F /* Release */,
			);
			defaultConfigurationIsVisible = 0;
			defaultConfigurationName = Release;
		};
/* End XCConfigurationList section */
	};
	rootObject = 288EE52F24BDC4B4004C520F /* Project object */;
}
